
Microsoft Visual Studio Solution File, Format Version 12.00
# Visual Studio 15
VisualStudioVersion = 15.0.28307.168
MinimumVisualStudioVersion = 10.0.40219.1
Project("{FAE04EC0-301F-11D3-BF4B-00C04F79EFBC}") = "SUD ARH", "SUD ARH\SUD ARH.csproj", "{3D07FC31-1F90-4418-91AB-FC2D31E6474A}"
EndProject
Global
	GlobalSection(SolutionConfigurationPlatforms) = preSolution
		Debug|Any CPU = Debug|Any CPU
		Release|Any CPU = Release|Any CPU
	EndGlobalSection
	GlobalSection(ProjectConfigurationPlatforms) = postSolution
		{3D07FC31-1F90-4418-91AB-FC2D31E6474A}.Debug|Any CPU.ActiveCfg = Debug|Any CPU
		{3D07FC31-1F90-4418-91AB-FC2D31E6474A}.Debug|Any CPU.Build.0 = Debug|Any CPU
		{3D07FC31-1F90-4418-91AB-FC2D31E6474A}.Release|Any CPU.ActiveCfg = Release|Any CPU
		{3D07FC31-1F90-4418-91AB-FC2D31E6474A}.Release|Any CPU.Build.0 = Release|Any CPU
	EndGlobalSection
	GlobalSection(SolutionProperties) = preSolution
		HideSolutionNode = FALSE
	EndGlobalSection
	GlobalSection(ExtensibilityGlobals) = postSolution
		SolutionGuid = {40555074-5C44-4FC3-8EBD-DB822C947049}
	EndGlobalSection
EndGlobal
